
Microsoft Visual Studio Solution File, Format Version 12.00
# Visual Studio 15
VisualStudioVersion = 15.0.27130.2024
MinimumVisualStudioVersion = 10.0.40219.1
Project("{2150E333-8FDC-42A3-9474-1A3956D46DE8}") = "1-UI", "1-UI", "{AFA67ABE-9B8E-430D-94D4-B0BC2B3A421B}"
EndProject
Project("{2150E333-8FDC-42A3-9474-1A3956D46DE8}") = "3-Domain", "3-Domain", "{576B246C-F359-4A70-A515-11CDA158273A}"
EndProject
Project("{2150E333-8FDC-42A3-9474-1A3956D46DE8}") = "4-Infra", "4-Infra", "{B2F2FAB9-CB4A-437A-9DA4-631772CCFFFB}"
EndProject
Project("{2150E333-8FDC-42A3-9474-1A3956D46DE8}") = "2-Service", "2-Service", "{CEAD4D2B-F254-41B8-BE78-17BDC30D9927}"
EndProject
Project("{2150E333-8FDC-42A3-9474-1A3956D46DE8}") = "4.1-CrossCuting", "4.1-CrossCuting", "{E65844C8-4EE6-40CE-9552-0D6437068010}"
EndProject
Project("{2150E333-8FDC-42A3-9474-1A3956D46DE8}") = "4.2-Data", "4.2-Data", "{75066DC8-34DF-486A-964F-E1570E56C2A7}"
EndProject
Project("{9A19103F-16F7-4668-BE54-9A1E7A4F7556}") = "SGE.Domain", "SGE.Domain\SGE.Domain.csproj", "{3EE89C01-A082-42BB-9874-B4EEBFA3EF4D}"
EndProject
Project("{9A19103F-16F7-4668-BE54-9A1E7A4F7556}") = "SGE.Infra.Data", "SGE.Infra.Data\SGE.Infra.Data.csproj", "{E74A37C8-AFD2-45C3-ADDA-D3E3E51A8046}"
EndProject
Project("{9A19103F-16F7-4668-BE54-9A1E7A4F7556}") = "Sge.Service", "Sge.Service\Sge.Service.csproj", "{6D999352-62AD-4A2D-9AAD-052081BF34D8}"
EndProject
Project("{9A19103F-16F7-4668-BE54-9A1E7A4F7556}") = "Sge.Infra.CrossCutting.IoC", "Sge.Infra.CrossCutting.IoC\Sge.Infra.CrossCutting.IoC.csproj", "{BC9E09C7-4FE5-4629-A1C9-53777951D8F5}"
EndProject
Project("{FAE04EC0-301F-11D3-BF4B-00C04F79EFBC}") = "SGE.UI.WebApi", "SGE.UI.WebApi\SGE.UI.WebApi.csproj", "{15C2966F-795A-4D0D-BFAE-7E865A45B7C8}"
EndProject
Global
	GlobalSection(SolutionConfigurationPlatforms) = preSolution
		Debug|Any CPU = Debug|Any CPU
		Release|Any CPU = Release|Any CPU
	EndGlobalSection
	GlobalSection(ProjectConfigurationPlatforms) = postSolution
		{3EE89C01-A082-42BB-9874-B4EEBFA3EF4D}.Debug|Any CPU.ActiveCfg = Debug|Any CPU
		{3EE89C01-A082-42BB-9874-B4EEBFA3EF4D}.Debug|Any CPU.Build.0 = Debug|Any CPU
		{3EE89C01-A082-42BB-9874-B4EEBFA3EF4D}.Release|Any CPU.ActiveCfg = Release|Any CPU
		{3EE89C01-A082-42BB-9874-B4EEBFA3EF4D}.Release|Any CPU.Build.0 = Release|Any CPU
		{E74A37C8-AFD2-45C3-ADDA-D3E3E51A8046}.Debug|Any CPU.ActiveCfg = Debug|Any CPU
		{E74A37C8-AFD2-45C3-ADDA-D3E3E51A8046}.Debug|Any CPU.Build.0 = Debug|Any CPU
		{E74A37C8-AFD2-45C3-ADDA-D3E3E51A8046}.Release|Any CPU.ActiveCfg = Release|Any CPU
		{E74A37C8-AFD2-45C3-ADDA-D3E3E51A8046}.Release|Any CPU.Build.0 = Release|Any CPU
		{6D999352-62AD-4A2D-9AAD-052081BF34D8}.Debug|Any CPU.ActiveCfg = Debug|Any CPU
		{6D999352-62AD-4A2D-9AAD-052081BF34D8}.Debug|Any CPU.Build.0 = Debug|Any CPU
		{6D999352-62AD-4A2D-9AAD-052081BF34D8}.Release|Any CPU.ActiveCfg = Release|Any CPU
		{6D999352-62AD-4A2D-9AAD-052081BF34D8}.Release|Any CPU.Build.0 = Release|Any CPU
		{BC9E09C7-4FE5-4629-A1C9-53777951D8F5}.Debug|Any CPU.ActiveCfg = Debug|Any CPU
		{BC9E09C7-4FE5-4629-A1C9-53777951D8F5}.Debug|Any CPU.Build.0 = Debug|Any CPU
		{BC9E09C7-4FE5-4629-A1C9-53777951D8F5}.Release|Any CPU.ActiveCfg = Release|Any CPU
		{BC9E09C7-4FE5-4629-A1C9-53777951D8F5}.Release|Any CPU.Build.0 = Release|Any CPU
		{15C2966F-795A-4D0D-BFAE-7E865A45B7C8}.Debug|Any CPU.ActiveCfg = Debug|Any CPU
		{15C2966F-795A-4D0D-BFAE-7E865A45B7C8}.Debug|Any CPU.Build.0 = Debug|Any CPU
		{15C2966F-795A-4D0D-BFAE-7E865A45B7C8}.Release|Any CPU.ActiveCfg = Release|Any CPU
		{15C2966F-795A-4D0D-BFAE-7E865A45B7C8}.Release|Any CPU.Build.0 = Release|Any CPU
	EndGlobalSection
	GlobalSection(SolutionProperties) = preSolution
		HideSolutionNode = FALSE
	EndGlobalSection
	GlobalSection(NestedProjects) = preSolution
		{E65844C8-4EE6-40CE-9552-0D6437068010} = {B2F2FAB9-CB4A-437A-9DA4-631772CCFFFB}
		{75066DC8-34DF-486A-964F-E1570E56C2A7} = {B2F2FAB9-CB4A-437A-9DA4-631772CCFFFB}
		{3EE89C01-A082-42BB-9874-B4EEBFA3EF4D} = {576B246C-F359-4A70-A515-11CDA158273A}
		{E74A37C8-AFD2-45C3-ADDA-D3E3E51A8046} = {75066DC8-34DF-486A-964F-E1570E56C2A7}
		{6D999352-62AD-4A2D-9AAD-052081BF34D8} = {CEAD4D2B-F254-41B8-BE78-17BDC30D9927}
		{BC9E09C7-4FE5-4629-A1C9-53777951D8F5} = {E65844C8-4EE6-40CE-9552-0D6437068010}
		{15C2966F-795A-4D0D-BFAE-7E865A45B7C8} = {AFA67ABE-9B8E-430D-94D4-B0BC2B3A421B}
	EndGlobalSection
	GlobalSection(ExtensibilityGlobals) = postSolution
		SolutionGuid = {1BD92E9B-CFFF-4D9C-A282-538C1889E611}
	EndGlobalSection
EndGlobal
